
Microsoft Visual Studio Solution File, Format Version 12.00
# Visual Studio Version 16
VisualStudioVersion = 16.0.29519.87
MinimumVisualStudioVersion = 10.0.40219.1
Project("{FAE04EC0-301F-11D3-BF4B-00C04F79EFBC}") = "AssessoriaWeb", "AssessoriaWeb.csproj", "{C80A6D29-7107-4D72-AE64-827328ED7D20}"
EndProject
Global
	GlobalSection(SolutionConfigurationPlatforms) = preSolution
		Debug|Any CPU = Debug|Any CPU
		Release|Any CPU = Release|Any CPU
	EndGlobalSection
	GlobalSection(ProjectConfigurationPlatforms) = postSolution
		{C80A6D29-7107-4D72-AE64-827328ED7D20}.Debug|Any CPU.ActiveCfg = Debug|Any CPU
		{C80A6D29-7107-4D72-AE64-827328ED7D20}.Debug|Any CPU.Build.0 = Debug|Any CPU
		{C80A6D29-7107-4D72-AE64-827328ED7D20}.Release|Any CPU.ActiveCfg = Release|Any CPU
		{C80A6D29-7107-4D72-AE64-827328ED7D20}.Release|Any CPU.Build.0 = Release|Any CPU
	EndGlobalSection
	GlobalSection(SolutionProperties) = preSolution
		HideSolutionNode = FALSE
	EndGlobalSection
	GlobalSection(ExtensibilityGlobals) = postSolution
		SolutionGuid = {8EFD5D31-8284-47F3-9808-22D001E3FF47}
	EndGlobalSection
EndGlobal
